
Microsoft Visual Studio Solution File, Format Version 12.00
# Visual Studio 15
VisualStudioVersion = 15.0.28307.421
MinimumVisualStudioVersion = 10.0.40219.1
Project("{9A19103F-16F7-4668-BE54-9A1E7A4F7556}") = "BackEnd", "BackEnd\BackEnd.csproj", "{C7A8E6C5-D875-40BD-A7E6-A201DF9F4EEC}"
EndProject
Project("{9A19103F-16F7-4668-BE54-9A1E7A4F7556}") = "Test", "Test\Test.csproj", "{05A8D940-2233-44A2-BA13-9709584D0344}"
EndProject
Project("{E53339B2-1760-4266-BCC7-CA923CBCF16C}") = "docker-compose", "docker-compose.dcproj", "{7B8890F4-5F31-4829-AADA-F069C53781E8}"
EndProject
Global
	GlobalSection(SolutionConfigurationPlatforms) = preSolution
		Debug|Any CPU = Debug|Any CPU
		Release|Any CPU = Release|Any CPU
	EndGlobalSection
	GlobalSection(ProjectConfigurationPlatforms) = postSolution
		{C7A8E6C5-D875-40BD-A7E6-A201DF9F4EEC}.Debug|Any CPU.ActiveCfg = Debug|Any CPU
		{C7A8E6C5-D875-40BD-A7E6-A201DF9F4EEC}.Debug|Any CPU.Build.0 = Debug|Any CPU
		{C7A8E6C5-D875-40BD-A7E6-A201DF9F4EEC}.Release|Any CPU.ActiveCfg = Release|Any CPU
		{C7A8E6C5-D875-40BD-A7E6-A201DF9F4EEC}.Release|Any CPU.Build.0 = Release|Any CPU
		{05A8D940-2233-44A2-BA13-9709584D0344}.Debug|Any CPU.ActiveCfg = Debug|Any CPU
		{05A8D940-2233-44A2-BA13-9709584D0344}.Debug|Any CPU.Build.0 = Debug|Any CPU
		{05A8D940-2233-44A2-BA13-9709584D0344}.Release|Any CPU.ActiveCfg = Release|Any CPU
		{05A8D940-2233-44A2-BA13-9709584D0344}.Release|Any CPU.Build.0 = Release|Any CPU
		{7B8890F4-5F31-4829-AADA-F069C53781E8}.Debug|Any CPU.ActiveCfg = Debug|Any CPU
		{7B8890F4-5F31-4829-AADA-F069C53781E8}.Debug|Any CPU.Build.0 = Debug|Any CPU
		{7B8890F4-5F31-4829-AADA-F069C53781E8}.Release|Any CPU.ActiveCfg = Release|Any CPU
		{7B8890F4-5F31-4829-AADA-F069C53781E8}.Release|Any CPU.Build.0 = Release|Any CPU
	EndGlobalSection
	GlobalSection(SolutionProperties) = preSolution
		HideSolutionNode = FALSE
	EndGlobalSection
	GlobalSection(ExtensibilityGlobals) = postSolution
		SolutionGuid = {2194BFBB-6A37-4E4D-B648-219BAA2880F0}
	EndGlobalSection
EndGlobal
