
Microsoft Visual Studio Solution File, Format Version 12.00
# Visual Studio 15
VisualStudioVersion = 15.0.28307.421
MinimumVisualStudioVersion = 10.0.40219.1
Project("{9A19103F-16F7-4668-BE54-9A1E7A4F7556}") = "BackEnd", "BackEnd\BackEnd.csproj", "{C7A8E6C5-D875-40BD-A7E6-A201DF9F4EEC}"
EndProject
Project("{FAE04EC0-301F-11D3-BF4B-00C04F79EFBC}") = "BackEndTest", "BackEndTest\BackEndTest.csproj", "{B1C0FFCD-D7C0-46E3-9244-8C256D1812D9}"
EndProject
Global
	GlobalSection(SolutionConfigurationPlatforms) = preSolution
		Debug|Any CPU = Debug|Any CPU
		Release|Any CPU = Release|Any CPU
	EndGlobalSection
	GlobalSection(ProjectConfigurationPlatforms) = postSolution
		{C7A8E6C5-D875-40BD-A7E6-A201DF9F4EEC}.Debug|Any CPU.ActiveCfg = Debug|Any CPU
		{C7A8E6C5-D875-40BD-A7E6-A201DF9F4EEC}.Debug|Any CPU.Build.0 = Debug|Any CPU
		{C7A8E6C5-D875-40BD-A7E6-A201DF9F4EEC}.Release|Any CPU.ActiveCfg = Release|Any CPU
		{C7A8E6C5-D875-40BD-A7E6-A201DF9F4EEC}.Release|Any CPU.Build.0 = Release|Any CPU
		{B1C0FFCD-D7C0-46E3-9244-8C256D1812D9}.Debug|Any CPU.ActiveCfg = Debug|Any CPU
		{B1C0FFCD-D7C0-46E3-9244-8C256D1812D9}.Debug|Any CPU.Build.0 = Debug|Any CPU
		{B1C0FFCD-D7C0-46E3-9244-8C256D1812D9}.Release|Any CPU.ActiveCfg = Release|Any CPU
		{B1C0FFCD-D7C0-46E3-9244-8C256D1812D9}.Release|Any CPU.Build.0 = Release|Any CPU
	EndGlobalSection
	GlobalSection(SolutionProperties) = preSolution
		HideSolutionNode = FALSE
	EndGlobalSection
	GlobalSection(ExtensibilityGlobals) = postSolution
		SolutionGuid = {2194BFBB-6A37-4E4D-B648-219BAA2880F0}
	EndGlobalSection
EndGlobal
